{
  "name": "Wellness_project",
  "lockfileVersion": 3,
  "requires": true,
  "packages": {
    "": {
      "dependencies": {
        "lucide-react": "^0.560.0"
      }
    },
    "node_modules/lucide-react": {
      "version": "0.560.0",
      "resolved": "https://registry.npmjs.org/lucide-react/-/lucide-react-0.560.0.tgz",
      "integrity": "sha512-NwKoUA/aBShsdL8WE5lukV2F/tjHzQRlonQs7fkNGI1sCT0Ay4a9Ap3ST2clUUkcY+9eQ0pBe2hybTQd2fmyDA==",
      "license": "ISC",
      "peerDependencies": {
        "react": "^16.5.1 || ^17.0.0 || ^18.0.0 || ^19.0.0"
      }
    },
    "node_modules/react": {
      "version": "19.2.2",
      "resolved": "https://registry.npmjs.org/react/-/react-19.2.2.tgz",
      "integrity": "sha512-BdOGOY8OKRBcgoDkwqA8Q5XvOIhoNx/Sh6BnGJlet2Abt0X5BK0BDrqGyQgLhAVjD2nAg5f6o01u/OPUhG022Q==",
      "license": "MIT",
      "peer": true,
      "engines": {
        "node": ">=0.10.0"
      }
    }
  }
}
